pyside6-essentials==6.9.3 \
    --hash=sha256:21f98077c135864473089e59a6a0bd828e64c6644b3dd7267b102da4a2ee8f21 \
    --hash=sha256:2e34081933e005686d79265cc04370a28fea3844ab63d432e493adcd4465070c \
    --hash=sha256:ad3664ff0ced9f92ed7872e512c86328894d29f262e6c3400400232a36dda357 \
    --hash=sha256:c70d5544e892b201a677b615156fab6a0fef865e7fc287f55a0eae00a682e83f \
    --hash=sha256:e22e517c592657e291c0cbe7d04078ab415cb225188d7e895f8f7adcdba755d2
shiboken6==6.9.3 \
    --hash=sha256:0c87bcfd483a1980794e03cf5ec6b2061691a1b075f92b78edb0d13847139ecf \
    --hash=sha256:e9b240828790b8e21a50e66449a5aa8b99f9b8a538c80c1a325fa04f8364985e \
    --hash=sha256:f1498176d2d5bcade7d662e1fc5143980fb008b6c78b966289d29a4ae86cd0c6 \
    --hash=sha256:f3f5337a3a8fc660ba1462265bd9a2bdda9588f8d90fbc3d5ac4ce3134c11e59 \
    --hash=sha256:f66e82510e3a3170a42e3ef865329559b69811ce83102ad1ee57920319427c10
